
Microsoft Visual Studio Solution File, Format Version 12.00
# Visual Studio Version 17
VisualStudioVersion = 17.7.34018.315
MinimumVisualStudioVersion = 10.0.40219.1
Project("{8BC9CEB8-8B4A-11D0-8D11-00A0C91BC942}") = "DllLoader", "DllLoader\DllLoader.vcxproj", "{10915759-521E-4501-BF36-DEA2DA1D9A2D}"
EndProject
Project("{8BC9CEB8-8B4A-11D0-8D11-00A0C91BC942}") = "vhook", "vhook\vhook.vcxproj", "{61208A63-A25E-434D-8FD9-D56EB0352A2E}"
EndProject
Project("{8BC9CEB8-8B4A-11D0-8D11-00A0C91BC942}") = "vAgent", "vAgent\vAgent.vcxproj", "{EDA56EFD-3F06-44DA-991B-F503DEFF4EBB}"
EndProject
Project("{8BC9CEB8-8B4A-11D0-8D11-00A0C91BC942}") = "vDriver", "vDriver\vDriver.vcxproj", "{69819D29-B601-4C61-B0E2-E363EC1BE9FA}"
EndProject
Global
	GlobalSection(SolutionConfigurationPlatforms) = preSolution
		Debug|ARM64 = Debug|ARM64
		Debug|x64 = Debug|x64
		Debug|x86 = Debug|x86
		Release|ARM64 = Release|ARM64
		Release|x64 = Release|x64
		Release|x86 = Release|x86
	EndGlobalSection
	GlobalSection(ProjectConfigurationPlatforms) = postSolution
		{10915759-521E-4501-BF36-DEA2DA1D9A2D}.Debug|ARM64.ActiveCfg = Debug|x64
		{10915759-521E-4501-BF36-DEA2DA1D9A2D}.Debug|ARM64.Build.0 = Debug|x64
		{10915759-521E-4501-BF36-DEA2DA1D9A2D}.Debug|x64.ActiveCfg = Debug|x64
		{10915759-521E-4501-BF36-DEA2DA1D9A2D}.Debug|x64.Build.0 = Debug|x64
		{10915759-521E-4501-BF36-DEA2DA1D9A2D}.Debug|x86.ActiveCfg = Debug|Win32
		{10915759-521E-4501-BF36-DEA2DA1D9A2D}.Debug|x86.Build.0 = Debug|Win32
		{10915759-521E-4501-BF36-DEA2DA1D9A2D}.Release|ARM64.ActiveCfg = Release|x64
		{10915759-521E-4501-BF36-DEA2DA1D9A2D}.Release|ARM64.Build.0 = Release|x64
		{10915759-521E-4501-BF36-DEA2DA1D9A2D}.Release|x64.ActiveCfg = Release|x64
		{10915759-521E-4501-BF36-DEA2DA1D9A2D}.Release|x64.Build.0 = Release|x64
		{10915759-521E-4501-BF36-DEA2DA1D9A2D}.Release|x86.ActiveCfg = Release|Win32
		{10915759-521E-4501-BF36-DEA2DA1D9A2D}.Release|x86.Build.0 = Release|Win32
		{61208A63-A25E-434D-8FD9-D56EB0352A2E}.Debug|ARM64.ActiveCfg = Debug|x64
		{61208A63-A25E-434D-8FD9-D56EB0352A2E}.Debug|ARM64.Build.0 = Debug|x64
		{61208A63-A25E-434D-8FD9-D56EB0352A2E}.Debug|x64.ActiveCfg = Debug|x64
		{61208A63-A25E-434D-8FD9-D56EB0352A2E}.Debug|x64.Build.0 = Debug|x64
		{61208A63-A25E-434D-8FD9-D56EB0352A2E}.Debug|x86.ActiveCfg = Debug|Win32
		{61208A63-A25E-434D-8FD9-D56EB0352A2E}.Debug|x86.Build.0 = Debug|Win32
		{61208A63-A25E-434D-8FD9-D56EB0352A2E}.Release|ARM64.ActiveCfg = Release|x64
		{61208A63-A25E-434D-8FD9-D56EB0352A2E}.Release|ARM64.Build.0 = Release|x64
		{61208A63-A25E-434D-8FD9-D56EB0352A2E}.Release|x64.ActiveCfg = Release|x64
		{61208A63-A25E-434D-8FD9-D56EB0352A2E}.Release|x64.Build.0 = Release|x64
		{61208A63-A25E-434D-8FD9-D56EB0352A2E}.Release|x86.ActiveCfg = Release|Win32
		{61208A63-A25E-434D-8FD9-D56EB0352A2E}.Release|x86.Build.0 = Release|Win32
		{EDA56EFD-3F06-44DA-991B-F503DEFF4EBB}.Debug|ARM64.ActiveCfg = Debug|x64
		{EDA56EFD-3F06-44DA-991B-F503DEFF4EBB}.Debug|ARM64.Build.0 = Debug|x64
		{EDA56EFD-3F06-44DA-991B-F503DEFF4EBB}.Debug|x64.ActiveCfg = Debug|x64
		{EDA56EFD-3F06-44DA-991B-F503DEFF4EBB}.Debug|x64.Build.0 = Debug|x64
		{EDA56EFD-3F06-44DA-991B-F503DEFF4EBB}.Debug|x86.ActiveCfg = Debug|Win32
		{EDA56EFD-3F06-44DA-991B-F503DEFF4EBB}.Debug|x86.Build.0 = Debug|Win32
		{EDA56EFD-3F06-44DA-991B-F503DEFF4EBB}.Release|ARM64.ActiveCfg = Release|x64
		{EDA56EFD-3F06-44DA-991B-F503DEFF4EBB}.Release|ARM64.Build.0 = Release|x64
		{EDA56EFD-3F06-44DA-991B-F503DEFF4EBB}.Release|x64.ActiveCfg = Release|x64
		{EDA56EFD-3F06-44DA-991B-F503DEFF4EBB}.Release|x64.Build.0 = Release|x64
		{EDA56EFD-3F06-44DA-991B-F503DEFF4EBB}.Release|x86.ActiveCfg = Release|Win32
		{EDA56EFD-3F06-44DA-991B-F503DEFF4EBB}.Release|x86.Build.0 = Release|Win32
		{69819D29-B601-4C61-B0E2-E363EC1BE9FA}.Debug|ARM64.ActiveCfg = Debug|ARM64
		{69819D29-B601-4C61-B0E2-E363EC1BE9FA}.Debug|ARM64.Build.0 = Debug|ARM64
		{69819D29-B601-4C61-B0E2-E363EC1BE9FA}.Debug|ARM64.Deploy.0 = Debug|ARM64
		{69819D29-B601-4C61-B0E2-E363EC1BE9FA}.Debug|x64.ActiveCfg = Debug|x64
		{69819D29-B601-4C61-B0E2-E363EC1BE9FA}.Debug|x64.Build.0 = Debug|x64
		{69819D29-B601-4C61-B0E2-E363EC1BE9FA}.Debug|x64.Deploy.0 = Debug|x64
		{69819D29-B601-4C61-B0E2-E363EC1BE9FA}.Debug|x86.ActiveCfg = Debug|x64
		{69819D29-B601-4C61-B0E2-E363EC1BE9FA}.Debug|x86.Build.0 = Debug|x64
		{69819D29-B601-4C61-B0E2-E363EC1BE9FA}.Debug|x86.Deploy.0 = Debug|x64
		{69819D29-B601-4C61-B0E2-E363EC1BE9FA}.Release|ARM64.ActiveCfg = Release|ARM64
		{69819D29-B601-4C61-B0E2-E363EC1BE9FA}.Release|ARM64.Build.0 = Release|ARM64
		{69819D29-B601-4C61-B0E2-E363EC1BE9FA}.Release|ARM64.Deploy.0 = Release|ARM64
		{69819D29-B601-4C61-B0E2-E363EC1BE9FA}.Release|x64.ActiveCfg = Release|x64
		{69819D29-B601-4C61-B0E2-E363EC1BE9FA}.Release|x64.Build.0 = Release|x64
		{69819D29-B601-4C61-B0E2-E363EC1BE9FA}.Release|x64.Deploy.0 = Release|x64
		{69819D29-B601-4C61-B0E2-E363EC1BE9FA}.Release|x86.ActiveCfg = Release|x64
		{69819D29-B601-4C61-B0E2-E363EC1BE9FA}.Release|x86.Build.0 = Release|x64
		{69819D29-B601-4C61-B0E2-E363EC1BE9FA}.Release|x86.Deploy.0 = Release|x64
	EndGlobalSection
	GlobalSection(SolutionProperties) = preSolution
		HideSolutionNode = FALSE
	EndGlobalSection
	GlobalSection(ExtensibilityGlobals) = postSolution
		SolutionGuid = {3A541A04-A5C8-4933-ADFB-78A3B945BE38}
	EndGlobalSection
EndGlobal
